// !$*UTF8*$!
{
	archiveVersion = 1;
	classes = {
	};
	objectVersion = 50;
	objects = {

/* Begin PBXBuildFile section */
		6DEF6E9F230A3522003B9E00 /* AppDelegate.swift in Sources */ = {isa = PBXBuildFile; fileRef = 6DEF6E9E230A3522003B9E00 /* AppDelegate.swift */; };
		6DEF6EA4230A3523003B9E00 /* Main.storyboard in Resources */ = {isa = PBXBuildFile; fileRef = 6DEF6EA2230A3523003B9E00 /* Main.storyboard */; };
		6DEF6EA6230A354E003B9E00 /* Assets.xcassets in Resources */ = {isa = PBXBuildFile; fileRef = 6DEF6EA5230A354E003B9E00 /* Assets.xcassets */; };
		6DEF6EA9230A354E003B9E00 /* LaunchScreen.storyboard in Resources */ = {isa = PBXBuildFile; fileRef = 6DEF6EA7230A354E003B9E00 /* LaunchScreen.storyboard */; };
		6DEF6EB2230A36A4003B9E00 /* AnimatedTopView.swift in Sources */ = {isa = PBXBuildFile; fileRef = 6DEF6EB0230A36A4003B9E00 /* AnimatedTopView.swift */; };
		6DEF6EB3230A36A4003B9E00 /* HomeViewController.swift in Sources */ = {isa = PBXBuildFile; fileRef = 6DEF6EB1230A36A4003B9E00 /* HomeViewController.swift */; };
/* End PBXBuildFile section */

/* Begin PBXFileReference section */
		6DEF6E9B230A3522003B9E00 /* JDHomeAnimationDemo.app */ = {isa = PBXFileReference; explicitFileType = wrapper.application; includeInIndex = 0; path = JDHomeAnimationDemo.app; sourceTree = BUILT_PRODUCTS_DIR; };
		6DEF6E9E230A3522003B9E00 /* AppDelegate.swift */ = {isa = PBXFileReference; lastKnownFileType = sourcecode.swift; path = AppDelegate.swift; sourceTree = "<group>"; };
		6DEF6EA3230A3523003B9E00 /* Base */ = {isa = PBXFileReference; lastKnownFileType = file.storyboard; name = Base; path = Base.lproj/Main.storyboard; sourceTree = "<group>"; };
		6DEF6EA5230A354E003B9E00 /* Assets.xcassets */ = {isa = PBXFileReference; lastKnownFileType = folder.assetcatalog; path = Assets.xcassets; sourceTree = "<group>"; };
		6DEF6EA8230A354E003B9E00 /* Base */ = {isa = PBXFileReference; lastKnownFileType = file.storyboard; name = Base; path = Base.lproj/LaunchScreen.storyboard; sourceTree = "<group>"; };
		6DEF6EAA230A354E003B9E00 /* Info.plist */ = {isa = PBXFileReference; lastKnownFileType = text.plist.xml; path = Info.plist; sourceTree = "<group>"; };
		6DEF6EB0230A36A4003B9E00 /* AnimatedTopView.swift */ = {isa = PBXFileReference; fileEncoding = 4; lastKnownFileType = sourcecode.swift; path = AnimatedTopView.swift; sourceTree = "<group>"; };
		6DEF6EB1230A36A4003B9E00 /* HomeViewController.swift */ = {isa = PBXFileReference; fileEncoding = 4; lastKnownFileType = sourcecode.swift; path = HomeViewController.swift; sourceTree = "<group>"; };
/* End PBXFileReference section */

/* Begin PBXFrameworksBuildPhase section */
		6DEF6E98230A3522003B9E00 /* Frameworks */ = {
			isa = PBXFrameworksBuildPhase;
			buildActionMask = 2147483647;
			files = (
			);
			runOnlyForDeploymentPostprocessing = 0;
		};
/* End PBXFrameworksBuildPhase section */

/* Begin PBXGroup section */
		6DEF6E92230A3522003B9E00 = {
			isa = PBXGroup;
			children = (
				6DEF6E9D230A3522003B9E00 /* JDHomeAnimationDemo */,
				6DEF6E9C230A3522003B9E00 /* Products */,
			);
			sourceTree = "<group>";
		};
		6DEF6E9C230A3522003B9E00 /* Products */ = {
			isa = PBXGroup;
			children = (
				6DEF6E9B230A3522003B9E00 /* JDHomeAnimationDemo.app */,
			);
			name = Products;
			sourceTree = "<group>";
		};
		6DEF6E9D230A3522003B9E00 /* JDHomeAnimationDemo */ = {
			isa = PBXGroup;
			children = (
				6DEF6EB0230A36A4003B9E00 /* AnimatedTopView.swift */,
				6DEF6EB1230A36A4003B9E00 /* HomeViewController.swift */,
				6DEF6E9E230A3522003B9E00 /* AppDelegate.swift */,
				6DEF6EA2230A3523003B9E00 /* Main.storyboard */,
				6DEF6EA5230A354E003B9E00 /* Assets.xcassets */,
				6DEF6EA7230A354E003B9E00 /* LaunchScreen.storyboard */,
				6DEF6EAA230A354E003B9E00 /* Info.plist */,
			);
			path = JDHomeAnimationDemo;
			sourceTree = "<group>";
		};
/* End PBXGroup section */

/* Begin PBXNativeTarget section */
		6DEF6E9A230A3522003B9E00 /* JDHomeAnimationDemo */ = {
			isa = PBXNativeTarget;
			buildConfigurationList = 6DEF6EAD230A354E003B9E00 /* Build configuration list for PBXNativeTarget "JDHomeAnimationDemo" */;
			buildPhases = (
				6DEF6E97230A3522003B9E00 /* Sources */,
				6DEF6E98230A3522003B9E00 /* Frameworks */,
				6DEF6E99230A3522003B9E00 /* Resources */,
			);
			buildRules = (
			);
			dependencies = (
			);
			name = JDHomeAnimationDemo;
			productName = JDHomeAnimationDemo;
			productReference = 6DEF6E9B230A3522003B9E00 /* JDHomeAnimationDemo.app */;
			productType = "com.apple.product-type.application";
		};
/* End PBXNativeTarget section */

/* Begin PBXProject section */
		6DEF6E93230A3522003B9E00 /* Project object */ = {
			isa = PBXProject;
			attributes = {
				LastSwiftUpdateCheck = 1030;
				LastUpgradeCheck = 1030;
				ORGANIZATIONNAME = zhangzb;
				TargetAttributes = {
					6DEF6E9A230A3522003B9E00 = {
						CreatedOnToolsVersion = 10.3;
					};
				};
			};
			buildConfigurationList = 6DEF6E96230A3522003B9E00 /* Build configuration list for PBXProject "JDHomeAnimationDemo" */;
			compatibilityVersion = "Xcode 9.3";
			developmentRegion = en;
			hasScannedForEncodings = 0;
			knownRegions = (
				en,
				Base,
			);
			mainGroup = 6DEF6E92230A3522003B9E00;
			productRefGroup = 6DEF6E9C230A3522003B9E00 /* Products */;
			projectDirPath = "";
			projectRoot = "";
			targets = (
				6DEF6E9A230A3522003B9E00 /* JDHomeAnimationDemo */,
			);
		};
/* End PBXProject section */

/* Begin PBXResourcesBuildPhase section */
		6DEF6E99230A3522003B9E00 /* Resources */ = {
			isa = PBXResourcesBuildPhase;
			buildActionMask = 2147483647;
			files = (
				6DEF6EA9230A354E003B9E00 /* LaunchScreen.storyboard in Resources */,
				6DEF6EA6230A354E003B9E00 /* Assets.xcassets in Resources */,
				6DEF6EA4230A3523003B9E00 /* Main.storyboard in Resources */,
			);
			runOnlyForDeploymentPostprocessing = 0;
		};
/* End PBXResourcesBuildPhase section */

/* Begin PBXSourcesBuildPhase section */
		6DEF6E97230A3522003B9E00 /* Sources */ = {
			isa = PBXSourcesBuildPhase;
			buildActionMask = 2147483647;
			files = (
				6DEF6EB2230A36A4003B9E00 /* AnimatedTopView.swift in Sources */,
				6DEF6E9F230A3522003B9E00 /* AppDelegate.swift in Sources */,
				6DEF6EB3230A36A4003B9E00 /* HomeViewController.swift in Sources */,
			);
			runOnlyForDeploymentPostprocessing = 0;
		};
/* End PBXSourcesBuildPhase section */

/* Begin PBXVariantGroup section */
		6DEF6EA2230A3523003B9E00 /* Main.storyboard */ = {
			isa = PBXVariantGroup;
			children = (
				6DEF6EA3230A3523003B9E00 /* Base */,
			);
			name = Main.storyboard;
			sourceTree = "<group>";
		};
		6DEF6EA7230A354E003B9E00 /* LaunchScreen.storyboard */ = {
			isa = PBXVariantGroup;
			children = (
				6DEF6EA8230A354E003B9E00 /* Base */,
			);
			name = LaunchScreen.storyboard;
			sourceTree = "<group>";
		};
/* End PBXVariantGroup section */

/* Begin XCBuildConfiguration section */
		6DEF6EAB230A354E003B9E00 /* Debug */ = {
			isa = XCBuildConfiguration;
			buildSettings = {
				ALWAYS_SEARCH_USER_PATHS = NO;
				CLANG_ANALYZER_NONNULL = YES;
				CLANG_ANALYZER_NUMBER_OBJECT_CONVERSION = YES_AGGRESSIVE;
				CLANG_CXX_LANGUAGE_STANDARD = "gnu++14";
				CLANG_CXX_LIBRARY = "libc++";
				CLANG_ENABLE_MODULES = YES;
				CLANG_ENABLE_OBJC_ARC = YES;
				CLANG_ENABLE_OBJC_WEAK = YES;
				CLANG_WARN_BLOCK_CAPTURE_AUTORELEASING = YES;
				CLANG_WARN_BOOL_CONVERSION = YES;
				CLANG_WARN_COMMA = YES;
				CLANG_WARN_CONSTANT_CONVERSION = YES;
				CLANG_WARN_DEPRECATED_OBJC_IMPLEMENTATIONS = YES;
				CLANG_WARN_DIRECT_OBJC_ISA_USAGE = YES_ERROR;
				CLANG_WARN_DOCUMENTATION_COMMENTS = YES;
				CLANG_WARN_EMPTY_BODY = YES;
				CLANG_WARN_ENUM_CONVERSION = YES;
				CLANG_WARN_INFINITE_RECURSION = YES;
				CLANG_WARN_INT_CONVERSION = YES;
				CLANG_WARN_NON_LITERAL_NULL_CONVERSION = YES;
				CLANG_WARN_OBJC_IMPLICIT_RETAIN_SELF = YES;
				CLANG_WARN_OBJC_LITERAL_CONVERSION = YES;
				CLANG_WARN_OBJC_ROOT_CLASS = YES_ERROR;
				CLANG_WARN_RANGE_LOOP_ANALYSIS = YES;
				CLANG_WARN_STRICT_PROTOTYPES = YES;
				CLANG_WARN_SUSPICIOUS_MOVE = YES;
				CLANG_WARN_UNGUARDED_AVAILABILITY = YES_AGGRESSIVE;
				CLANG_WARN_UNREACHABLE_CODE = YES;
				CLANG_WARN__DUPLICATE_METHOD_MATCH = YES;
				CODE_SIGN_IDENTITY = "iPhone Developer";
				COPY_PHASE_STRIP = NO;
				DEBUG_INFORMATION_FORMAT = dwarf;
				ENABLE_STRICT_OBJC_MSGSEND = YES;
				ENABLE_TESTABILITY = YES;
				GCC_C_LANGUAGE_STANDARD = gnu11;
				GCC_DYNAMIC_NO_PIC = NO;
				GCC_NO_COMMON_BLOCKS = YES;
				GCC_OPTIMIZATION_LEVEL = 0;
				GCC_PREPROCESSOR_DEFINITIONS = (
					"DEBUG=1",
					"$(inherited)",
				);
				GCC_WARN_64_TO_32_BIT_CONVERSION = YES;
				GCC_WARN_ABOUT_RETURN_TYPE = YES_ERROR;
				GCC_WARN_UNDECLARED_SELECTOR = YES;
				GCC_WARN_UNINITIALIZED_AUTOS = YES_AGGRESSIVE;
				GCC_WARN_UNUSED_FUNCTION = YES;
				GCC_WARN_UNUSED_VARIABLE = YES;
				IPHONEOS_DEPLOYMENT_TARGET = 12.4;
				MTL_ENABLE_DEBUG_INFO = INCLUDE_SOURCE;
				MTL_FAST_MATH = YES;
				ONLY_ACTIVE_ARCH = YES;
				SDKROOT = iphoneos;
				SWIFT_ACTIVE_COMPILATION_CONDITIONS = DEBUG;
				SWIFT_OPTIMIZATION_LEVEL = "-Onone";
			};
			name = Debug;
		};
		6DEF6EAC230A354E003B9E00 /* Release */ = {
			isa = XCBuildConfiguration;
			buildSettings = {
				ALWAYS_SEARCH_USER_PATHS = NO;
				CLANG_ANALYZER_NONNULL = YES;
				CLANG_ANALYZER_NUMBER_OBJECT_CONVERSION = YES_AGGRESSIVE;
				CLANG_CXX_LANGUAGE_STANDARD = "gnu++14";
				CLANG_CXX_LIBRARY = "libc++";
				CLANG_ENABLE_MODULES = YES;
				CLANG_ENABLE_OBJC_ARC = YES;
				CLANG_ENABLE_OBJC_WEAK = YES;
				CLANG_WARN_BLOCK_CAPTURE_AUTORELEASING = YES;
				CLANG_WARN_BOOL_CONVERSION = YES;
				CLANG_WARN_COMMA = YES;
				CLANG_WARN_CONSTANT_CONVERSION = YES;
				CLANG_WARN_DEPRECATED_OBJC_IMPLEMENTATIONS = YES;
				CLANG_WARN_DIRECT_OBJC_ISA_USAGE = YES_ERROR;
				CLANG_WARN_DOCUMENTATION_COMMENTS = YES;
				CLANG_WARN_EMPTY_BODY = YES;
				CLANG_WARN_ENUM_CONVERSION = YES;
				CLANG_WARN_INFINITE_RECURSION = YES;
				CLANG_WARN_INT_CONVERSION = YES;
				CLANG_WARN_NON_LITERAL_NULL_CONVERSION = YES;
				CLANG_WARN_OBJC_IMPLICIT_RETAIN_SELF = YES;
				CLANG_WARN_OBJC_LITERAL_CONVERSION = YES;
				CLANG_WARN_OBJC_ROOT_CLASS = YES_ERROR;
				CLANG_WARN_RANGE_LOOP_ANALYSIS = YES;
				CLANG_WARN_STRICT_PROTOTYPES = YES;
				CLANG_WARN_SUSPICIOUS_MOVE = YES;
				CLANG_WARN_UNGUARDED_AVAILABILITY = YES_AGGRESSIVE;
				CLANG_WARN_UNREACHABLE_CODE = YES;
				CLANG_WARN__DUPLICATE_METHOD_MATCH = YES;
				CODE_SIGN_IDENTITY = "iPhone Developer";
				COPY_PHASE_STRIP = NO;
				DEBUG_INFORMATION_FORMAT = "dwarf-with-dsym";
				ENABLE_NS_ASSERTIONS = NO;
				ENABLE_STRICT_OBJC_MSGSEND = YES;
				GCC_C_LANGUAGE_STANDARD = gnu11;
				GCC_NO_COMMON_BLOCKS = YES;
				GCC_WARN_64_TO_32_BIT_CONVERSION = YES;
				GCC_WARN_ABOUT_RETURN_TYPE = YES_ERROR;
				GCC_WARN_UNDECLARED_SELECTOR = YES;
				GCC_WARN_UNINITIALIZED_AUTOS = YES_AGGRESSIVE;
				GCC_WARN_UNUSED_FUNCTION = YES;
				GCC_WARN_UNUSED_VARIABLE = YES;
				IPHONEOS_DEPLOYMENT_TARGET = 12.4;
				MTL_ENABLE_DEBUG_INFO = NO;
				MTL_FAST_MATH = YES;
				SDKROOT = iphoneos;
				SWIFT_COMPILATION_MODE = wholemodule;
				SWIFT_OPTIMIZATION_LEVEL = "-O";
				VALIDATE_PRODUCT = YES;
			};
			name = Release;
		};
		6DEF6EAE230A354E003B9E00 /* Debug */ = {
			isa = XCBuildConfiguration;
			buildSettings = {
				ASSETCATALOG_COMPILER_APPICON_NAME = AppIcon;
				CODE_SIGN_STYLE = Automatic;
				DEVELOPMENT_TEAM = 8MZQKY27YS;
				INFOPLIST_FILE = JDHomeAnimationDemo/Info.plist;
				LD_RUNPATH_SEARCH_PATHS = (
					"$(inherited)",
					"@executable_path/Frameworks",
				);
				PRODUCT_BUNDLE_IDENTIFIER = zhangzb.JDHomeAnimationDemo;
				PRODUCT_NAME = "$(TARGET_NAME)";
				SWIFT_VERSION = 5.0;
				TARGETED_DEVICE_FAMILY = "1,2";
			};
			name = Debug;
		};
		6DEF6EAF230A354E003B9E00 /* Release */ = {
			isa = XCBuildConfiguration;
			buildSettings = {
				ASSETCATALOG_COMPILER_APPICON_NAME = AppIcon;
				CODE_SIGN_STYLE = Automatic;
				DEVELOPMENT_TEAM = 8MZQKY27YS;
				INFOPLIST_FILE = JDHomeAnimationDemo/Info.plist;
				LD_RUNPATH_SEARCH_PATHS = (
					"$(inherited)",
					"@executable_path/Frameworks",
				);
				PRODUCT_BUNDLE_IDENTIFIER = zhangzb.JDHomeAnimationDemo;
				PRODUCT_NAME = "$(TARGET_NAME)";
				SWIFT_VERSION = 5.0;
				TARGETED_DEVICE_FAMILY = "1,2";
			};
			name = Release;
		};
/* End XCBuildConfiguration section */

/* Begin XCConfigurationList section */
		6DEF6E96230A3522003B9E00 /* Build configuration list for PBXProject "JDHomeAnimationDemo" */ = {
			isa = XCConfigurationList;
			buildConfigurations = (
				6DEF6EAB230A354E003B9E00 /* Debug */,
				6DEF6EAC230A354E003B9E00 /* Release */,
			);
			defaultConfigurationIsVisible = 0;
			defaultConfigurationName = Release;
		};
		6DEF6EAD230A354E003B9E00 /* Build configuration list for PBXNativeTarget "JDHomeAnimationDemo" */ = {
			isa = XCConfigurationList;
			buildConfigurations = (
				6DEF6EAE230A354E003B9E00 /* Debug */,
				6DEF6EAF230A354E003B9E00 /* Release */,
			);
			defaultConfigurationIsVisible = 0;
			defaultConfigurationName = Release;
		};
/* End XCConfigurationList section */
	};
	rootObject = 6DEF6E93230A3522003B9E00 /* Project object */;
}
